# THIS IS AN AUTOGENERATED FILE. DO NOT EDIT THIS FILE DIRECTLY.
# yarn lockfile v1


"@angular/common@^4.1.3":
  version "4.1.3"
  resolved "https://registry.yarnpkg.com/@angular/common/-/common-4.1.3.tgz#e7c4791e32131cf74c239428c2a67daab2eef017"

"@angular/core@^4.1.3":
  version "4.1.3"
  resolved "https://registry.yarnpkg.com/@angular/core/-/core-4.1.3.tgz#285498eb86ab7d0b6f982f8f9f487ef610013b35"

rxjs@^5.0.1:
  version "5.4.0"
  resolved "https://registry.yarnpkg.com/rxjs/-/rxjs-5.4.0.tgz#a7db14ab157f9d7aac6a56e655e7a3860d39bf26"
  dependencies:
    symbol-observable "^1.0.1"

symbol-observable@^1.0.1:
  version "1.0.4"
  resolved "https://registry.yarnpkg.com/symbol-observable/-/symbol-observable-1.0.4.tgz#29bf615d4aa7121bdd898b22d4b3f9bc4e2aa03d"

typescript@^2.1.6:
  version "2.3.4"
  resolved "https://registry.yarnpkg.com/typescript/-/typescript-2.3.4.tgz#3d38321828231e434f287514959c37a82b629f42"

zone.js@^0.8.5:
  version "0.8.11"
  resolved "https://registry.yarnpkg.com/zone.js/-/zone.js-0.8.11.tgz#742befb17fbc49a571712b8c7d87e58ca26fd886"
